
Microsoft Visual Studio Solution File, Format Version 12.00
# Visual Studio Version 16
VisualStudioVersion = 16.0.810.7
MinimumVisualStudioVersion = 10.0.40219.1
Project("{FAE04EC0-301F-11D3-BF4B-00C04F79EFBC}") = "MigrationTutorial", "MigrationTutorial\MigrationTutorial.csproj", "{2BF8FB42-FFE6-46EC-9F40-841DEC5B2C14}"
EndProject
Global
	GlobalSection(SolutionConfigurationPlatforms) = preSolution
		Debug|Any CPU = Debug|Any CPU
		Release|Any CPU = Release|Any CPU
	EndGlobalSection
	GlobalSection(ProjectConfigurationPlatforms) = postSolution
		{2BF8FB42-FFE6-46EC-9F40-841DEC5B2C14}.Debug|Any CPU.ActiveCfg = Debug|Any CPU
		{2BF8FB42-FFE6-46EC-9F40-841DEC5B2C14}.Debug|Any CPU.Build.0 = Debug|Any CPU
		{2BF8FB42-FFE6-46EC-9F40-841DEC5B2C14}.Release|Any CPU.ActiveCfg = Release|Any CPU
		{2BF8FB42-FFE6-46EC-9F40-841DEC5B2C14}.Release|Any CPU.Build.0 = Release|Any CPU
	EndGlobalSection
	GlobalSection(SolutionProperties) = preSolution
		HideSolutionNode = FALSE
	EndGlobalSection
	GlobalSection(ExtensibilityGlobals) = postSolution
		SolutionGuid = {64165408-BF45-4928-91E6-B0D5C77A21A5}
	EndGlobalSection
EndGlobal
